
Microsoft Visual Studio Solution File, Format Version 12.00
# Visual Studio Version 17
VisualStudioVersion = 17.7.34031.279
MinimumVisualStudioVersion = 10.0.40219.1
Project("{9A19103F-16F7-4668-BE54-9A1E7A4F7556}") = "WebDemoBT", "WebDemoBT\WebDemoBT.csproj", "{3CC2E2A0-451A-4049-BF52-CF2A18324453}"
EndProject
Project("{FAE04EC0-301F-11D3-BF4B-00C04F79EFBC}") = "DatabaseFirstDemo", "DatabaseFirstDemo\DatabaseFirstDemo.csproj", "{3620DC6B-512B-4D31-8E03-EF0DF02D1C7A}"
EndProject
Global
	GlobalSection(SolutionConfigurationPlatforms) = preSolution
		Debug|Any CPU = Debug|Any CPU
		Release|Any CPU = Release|Any CPU
	EndGlobalSection
	GlobalSection(ProjectConfigurationPlatforms) = postSolution
		{3CC2E2A0-451A-4049-BF52-CF2A18324453}.Debug|Any CPU.ActiveCfg = Debug|Any CPU
		{3CC2E2A0-451A-4049-BF52-CF2A18324453}.Debug|Any CPU.Build.0 = Debug|Any CPU
		{3CC2E2A0-451A-4049-BF52-CF2A18324453}.Release|Any CPU.ActiveCfg = Release|Any CPU
		{3CC2E2A0-451A-4049-BF52-CF2A18324453}.Release|Any CPU.Build.0 = Release|Any CPU
		{3620DC6B-512B-4D31-8E03-EF0DF02D1C7A}.Debug|Any CPU.ActiveCfg = Debug|Any CPU
		{3620DC6B-512B-4D31-8E03-EF0DF02D1C7A}.Debug|Any CPU.Build.0 = Debug|Any CPU
		{3620DC6B-512B-4D31-8E03-EF0DF02D1C7A}.Release|Any CPU.ActiveCfg = Release|Any CPU
		{3620DC6B-512B-4D31-8E03-EF0DF02D1C7A}.Release|Any CPU.Build.0 = Release|Any CPU
	EndGlobalSection
	GlobalSection(SolutionProperties) = preSolution
		HideSolutionNode = FALSE
	EndGlobalSection
	GlobalSection(ExtensibilityGlobals) = postSolution
		SolutionGuid = {05A33D1B-4EF5-4CE3-96F9-0FB0005D2539}
	EndGlobalSection
EndGlobal
